{
  "name": "@orkans/bookmarklets",
  "version": "@Version@",
  "lockfileVersion": 3,
  "requires": true,
  "packages": {
    "": {
      "name": "@orkans/bookmarklets",
      "version": "@Version@",
      "dependencies": {
        "@orkans/utilsjs": "github:orkan/utilsjs"
      },
      "devDependencies": {
        "@orkans/prettier-config": "github:orkan/prettier-config"
      }
    },
    "node_modules/@orkans/prettier-config": {
      "version": "2.0.0",
      "resolved": "git+ssh://git@github.com/orkan/prettier-config.git#ddc34ac40e7dc7f03055fddad384ec10707bd22a",
      "dev": true,
      "license": "MIT"
    },
    "node_modules/@orkans/utilsjs": {
      "version": "4.1.0",
      "resolved": "git+ssh://git@github.com/orkan/utilsjs.git#d9fd49807ad2ba58ac14289d8280f62af9df1fb0",
      "license": "MIT"
    }
  }
}
