{
  "name": "@orkans/bookmarklets",
  "version": "@Version@",
  "lockfileVersion": 3,
  "requires": true,
  "packages": {
    "": {
      "name": "@orkans/bookmarklets",
      "version": "@Version@",
      "dependencies": {
        "@orkans/utilsjs": "github:orkan/utilsjs"
      }
    },
    "node_modules/@orkans/utilsjs": {
      "version": "4.1.0",
      "resolved": "git+ssh://git@github.com/orkan/utilsjs.git#d9fd49807ad2ba58ac14289d8280f62af9df1fb0",
      "license": "MIT"
    }
  }
}
